
Microsoft Visual Studio Solution File, Format Version 12.00
# Visual Studio Version 16
VisualStudioVersion = 16.0.29326.143
MinimumVisualStudioVersion = 10.0.40219.1
Project("{FAE04EC0-301F-11D3-BF4B-00C04F79EFBC}") = "LogAnalyzer.Infrastructure", "LogAnalyzer.Infrastructure\LogAnalyzer.Infrastructure.csproj", "{92523437-B5F4-42CD-AA74-12CBCFBB53E6}"
EndProject
Project("{FAE04EC0-301F-11D3-BF4B-00C04F79EFBC}") = "LogAnalyzer.Tests", "LogAnalyzer.Tests\LogAnalyzer.Tests.csproj", "{037960C0-64CB-4286-9E7F-14A35F6AF28E}"
EndProject
Project("{FAE04EC0-301F-11D3-BF4B-00C04F79EFBC}") = "LogAnalyzer.UI.WinForms", "LogAnalyzer.UI.WinForms\LogAnalyzer.UI.WinForms.csproj", "{D81FCBAD-DD4B-4EF9-95C4-1E370264719D}"
EndProject
Project("{FAE04EC0-301F-11D3-BF4B-00C04F79EFBC}") = "LogAnalyzer.Analyzers", "LogAnalyzer.Analyzers\LogAnalyzer.Analyzers.csproj", "{B063D48D-B74A-47E2-996D-382E26174161}"
EndProject
Global
	GlobalSection(SolutionConfigurationPlatforms) = preSolution
		Debug|Any CPU = Debug|Any CPU
		Release|Any CPU = Release|Any CPU
	EndGlobalSection
	GlobalSection(ProjectConfigurationPlatforms) = postSolution
		{92523437-B5F4-42CD-AA74-12CBCFBB53E6}.Debug|Any CPU.ActiveCfg = Debug|Any CPU
		{92523437-B5F4-42CD-AA74-12CBCFBB53E6}.Debug|Any CPU.Build.0 = Debug|Any CPU
		{92523437-B5F4-42CD-AA74-12CBCFBB53E6}.Release|Any CPU.ActiveCfg = Release|Any CPU
		{92523437-B5F4-42CD-AA74-12CBCFBB53E6}.Release|Any CPU.Build.0 = Release|Any CPU
		{037960C0-64CB-4286-9E7F-14A35F6AF28E}.Debug|Any CPU.ActiveCfg = Debug|Any CPU
		{037960C0-64CB-4286-9E7F-14A35F6AF28E}.Debug|Any CPU.Build.0 = Debug|Any CPU
		{037960C0-64CB-4286-9E7F-14A35F6AF28E}.Release|Any CPU.ActiveCfg = Release|Any CPU
		{037960C0-64CB-4286-9E7F-14A35F6AF28E}.Release|Any CPU.Build.0 = Release|Any CPU
		{D81FCBAD-DD4B-4EF9-95C4-1E370264719D}.Debug|Any CPU.ActiveCfg = Debug|Any CPU
		{D81FCBAD-DD4B-4EF9-95C4-1E370264719D}.Debug|Any CPU.Build.0 = Debug|Any CPU
		{D81FCBAD-DD4B-4EF9-95C4-1E370264719D}.Release|Any CPU.ActiveCfg = Release|Any CPU
		{D81FCBAD-DD4B-4EF9-95C4-1E370264719D}.Release|Any CPU.Build.0 = Release|Any CPU
		{B063D48D-B74A-47E2-996D-382E26174161}.Debug|Any CPU.ActiveCfg = Debug|Any CPU
		{B063D48D-B74A-47E2-996D-382E26174161}.Debug|Any CPU.Build.0 = Debug|Any CPU
		{B063D48D-B74A-47E2-996D-382E26174161}.Release|Any CPU.ActiveCfg = Release|Any CPU
		{B063D48D-B74A-47E2-996D-382E26174161}.Release|Any CPU.Build.0 = Release|Any CPU
	EndGlobalSection
	GlobalSection(SolutionProperties) = preSolution
		HideSolutionNode = FALSE
	EndGlobalSection
	GlobalSection(ExtensibilityGlobals) = postSolution
		SolutionGuid = {E0A0FED2-2327-4436-B8AB-FDD7939064FA}
	EndGlobalSection
EndGlobal
